// !$*UTF8*$!
{
	archiveVersion = 1;
	classes = {
	};
	objectVersion = 55;
	objects = {

/* Begin PBXBuildFile section */
		2E2EA90C2927FECB00CE4057 /* New_Wave_StoreApp.swift in Sources */ = {isa = PBXBuildFile; fileRef = 2E2EA90B2927FECB00CE4057 /* New_Wave_StoreApp.swift */; };
		2E2EA90E2927FECB00CE4057 /* ContentView.swift in Sources */ = {isa = PBXBuildFile; fileRef = 2E2EA90D2927FECB00CE4057 /* ContentView.swift */; };
		2E2EA9102927FECC00CE4057 /* Assets.xcassets in Resources */ = {isa = PBXBuildFile; fileRef = 2E2EA90F2927FECC00CE4057 /* Assets.xcassets */; };
		2E2EA9132927FECC00CE4057 /* Preview Assets.xcassets in Resources */ = {isa = PBXBuildFile; fileRef = 2E2EA9122927FECC00CE4057 /* Preview Assets.xcassets */; };
		2E2EA91D2927FECD00CE4057 /* New_Wave_StoreTests.swift in Sources */ = {isa = PBXBuildFile; fileRef = 2E2EA91C2927FECD00CE4057 /* New_Wave_StoreTests.swift */; };
		2E2EA9272927FECD00CE4057 /* New_Wave_StoreUITests.swift in Sources */ = {isa = PBXBuildFile; fileRef = 2E2EA9262927FECD00CE4057 /* New_Wave_StoreUITests.swift */; };
		2E2EA9292927FECD00CE4057 /* New_Wave_StoreUITestsLaunchTests.swift in Sources */ = {isa = PBXBuildFile; fileRef = 2E2EA9282927FECD00CE4057 /* New_Wave_StoreUITestsLaunchTests.swift */; };
		2E2EA936292803CD00CE4057 /* Product.swift in Sources */ = {isa = PBXBuildFile; fileRef = 2E2EA935292803CD00CE4057 /* Product.swift */; };
		2E2EA93A292808BF00CE4057 /* ProductList.swift in Sources */ = {isa = PBXBuildFile; fileRef = 2E2EA939292808BF00CE4057 /* ProductList.swift */; };
		2E2EA93E292C05A000CE4057 /* Constants.swift in Sources */ = {isa = PBXBuildFile; fileRef = 2E2EA93D292C05A000CE4057 /* Constants.swift */; };
		2E2EA940292C074D00CE4057 /* ProductListView.swift in Sources */ = {isa = PBXBuildFile; fileRef = 2E2EA93F292C074D00CE4057 /* ProductListView.swift */; };
		2E2EA942292E65DB00CE4057 /* HomeView.swift in Sources */ = {isa = PBXBuildFile; fileRef = 2E2EA941292E65DB00CE4057 /* HomeView.swift */; };
/* End PBXBuildFile section */

/* Begin PBXContainerItemProxy section */
		2E2EA9192927FECD00CE4057 /* PBXContainerItemProxy */ = {
			isa = PBXContainerItemProxy;
			containerPortal = 2E2EA9002927FECB00CE4057 /* Project object */;
			proxyType = 1;
			remoteGlobalIDString = 2E2EA9072927FECB00CE4057;
			remoteInfo = "New Wave Store";
		};
		2E2EA9232927FECD00CE4057 /* PBXContainerItemProxy */ = {
			isa = PBXContainerItemProxy;
			containerPortal = 2E2EA9002927FECB00CE4057 /* Project object */;
			proxyType = 1;
			remoteGlobalIDString = 2E2EA9072927FECB00CE4057;
			remoteInfo = "New Wave Store";
		};
/* End PBXContainerItemProxy section */

/* Begin PBXFileReference section */
		2E2EA9082927FECB00CE4057 /* New Wave Store.app */ = {isa = PBXFileReference; explicitFileType = wrapper.application; includeInIndex = 0; path = "New Wave Store.app"; sourceTree = BUILT_PRODUCTS_DIR; };
		2E2EA90B2927FECB00CE4057 /* New_Wave_StoreApp.swift */ = {isa = PBXFileReference; lastKnownFileType = sourcecode.swift; path = New_Wave_StoreApp.swift; sourceTree = "<group>"; };
		2E2EA90D2927FECB00CE4057 /* ContentView.swift */ = {isa = PBXFileReference; lastKnownFileType = sourcecode.swift; path = ContentView.swift; sourceTree = "<group>"; };
		2E2EA90F2927FECC00CE4057 /* Assets.xcassets */ = {isa = PBXFileReference; lastKnownFileType = folder.assetcatalog; path = Assets.xcassets; sourceTree = "<group>"; };
		2E2EA9122927FECC00CE4057 /* Preview Assets.xcassets */ = {isa = PBXFileReference; lastKnownFileType = folder.assetcatalog; path = "Preview Assets.xcassets"; sourceTree = "<group>"; };
		2E2EA9182927FECD00CE4057 /* New Wave StoreTests.xctest */ = {isa = PBXFileReference; explicitFileType = wrapper.cfbundle; includeInIndex = 0; path = "New Wave StoreTests.xctest"; sourceTree = BUILT_PRODUCTS_DIR; };
		2E2EA91C2927FECD00CE4057 /* New_Wave_StoreTests.swift */ = {isa = PBXFileReference; lastKnownFileType = sourcecode.swift; path = New_Wave_StoreTests.swift; sourceTree = "<group>"; };
		2E2EA9222927FECD00CE4057 /* New Wave StoreUITests.xctest */ = {isa = PBXFileReference; explicitFileType = wrapper.cfbundle; includeInIndex = 0; path = "New Wave StoreUITests.xctest"; sourceTree = BUILT_PRODUCTS_DIR; };
		2E2EA9262927FECD00CE4057 /* New_Wave_StoreUITests.swift */ = {isa = PBXFileReference; lastKnownFileType = sourcecode.swift; path = New_Wave_StoreUITests.swift; sourceTree = "<group>"; };
		2E2EA9282927FECD00CE4057 /* New_Wave_StoreUITestsLaunchTests.swift */ = {isa = PBXFileReference; lastKnownFileType = sourcecode.swift; path = New_Wave_StoreUITestsLaunchTests.swift; sourceTree = "<group>"; };
		2E2EA935292803CD00CE4057 /* Product.swift */ = {isa = PBXFileReference; lastKnownFileType = sourcecode.swift; path = Product.swift; sourceTree = "<group>"; };
		2E2EA939292808BF00CE4057 /* ProductList.swift */ = {isa = PBXFileReference; lastKnownFileType = sourcecode.swift; path = ProductList.swift; sourceTree = "<group>"; };
		2E2EA93D292C05A000CE4057 /* Constants.swift */ = {isa = PBXFileReference; lastKnownFileType = sourcecode.swift; path = Constants.swift; sourceTree = "<group>"; };
		2E2EA93F292C074D00CE4057 /* ProductListView.swift */ = {isa = PBXFileReference; lastKnownFileType = sourcecode.swift; path = ProductListView.swift; sourceTree = "<group>"; };
		2E2EA941292E65DB00CE4057 /* HomeView.swift */ = {isa = PBXFileReference; lastKnownFileType = sourcecode.swift; path = HomeView.swift; sourceTree = "<group>"; };
/* End PBXFileReference section */

/* Begin PBXFrameworksBuildPhase section */
		2E2EA9052927FECB00CE4057 /* Frameworks */ = {
			isa = PBXFrameworksBuildPhase;
			buildActionMask = 2147483647;
			files = (
			);
			runOnlyForDeploymentPostprocessing = 0;
		};
		2E2EA9152927FECD00CE4057 /* Frameworks */ = {
			isa = PBXFrameworksBuildPhase;
			buildActionMask = 2147483647;
			files = (
			);
			runOnlyForDeploymentPostprocessing = 0;
		};
		2E2EA91F2927FECD00CE4057 /* Frameworks */ = {
			isa = PBXFrameworksBuildPhase;
			buildActionMask = 2147483647;
			files = (
			);
			runOnlyForDeploymentPostprocessing = 0;
		};
/* End PBXFrameworksBuildPhase section */

/* Begin PBXGroup section */
		2E2EA8FF2927FECB00CE4057 = {
			isa = PBXGroup;
			children = (
				2E2EA90A2927FECB00CE4057 /* New Wave Store */,
				2E2EA91B2927FECD00CE4057 /* New Wave StoreTests */,
				2E2EA9252927FECD00CE4057 /* New Wave StoreUITests */,
				2E2EA9092927FECB00CE4057 /* Products */,
			);
			sourceTree = "<group>";
		};
		2E2EA9092927FECB00CE4057 /* Products */ = {
			isa = PBXGroup;
			children = (
				2E2EA9082927FECB00CE4057 /* New Wave Store.app */,
				2E2EA9182927FECD00CE4057 /* New Wave StoreTests.xctest */,
				2E2EA9222927FECD00CE4057 /* New Wave StoreUITests.xctest */,
			);
			name = Products;
			sourceTree = "<group>";
		};
		2E2EA90A2927FECB00CE4057 /* New Wave Store */ = {
			isa = PBXGroup;
			children = (
				2E2EA9382928072C00CE4057 /* Model */,
				2E2EA9372928071200CE4057 /* Views */,
				2E2EA90B2927FECB00CE4057 /* New_Wave_StoreApp.swift */,
				2E2EA90F2927FECC00CE4057 /* Assets.xcassets */,
				2E2EA9112927FECC00CE4057 /* Preview Content */,
			);
			path = "New Wave Store";
			sourceTree = "<group>";
		};
		2E2EA9112927FECC00CE4057 /* Preview Content */ = {
			isa = PBXGroup;
			children = (
				2E2EA9122927FECC00CE4057 /* Preview Assets.xcassets */,
			);
			path = "Preview Content";
			sourceTree = "<group>";
		};
		2E2EA91B2927FECD00CE4057 /* New Wave StoreTests */ = {
			isa = PBXGroup;
			children = (
				2E2EA91C2927FECD00CE4057 /* New_Wave_StoreTests.swift */,
			);
			path = "New Wave StoreTests";
			sourceTree = "<group>";
		};
		2E2EA9252927FECD00CE4057 /* New Wave StoreUITests */ = {
			isa = PBXGroup;
			children = (
				2E2EA9262927FECD00CE4057 /* New_Wave_StoreUITests.swift */,
				2E2EA9282927FECD00CE4057 /* New_Wave_StoreUITestsLaunchTests.swift */,
			);
			path = "New Wave StoreUITests";
			sourceTree = "<group>";
		};
		2E2EA9372928071200CE4057 /* Views */ = {
			isa = PBXGroup;
			children = (
				2E2EA90D2927FECB00CE4057 /* ContentView.swift */,
				2E2EA93F292C074D00CE4057 /* ProductListView.swift */,
				2E2EA941292E65DB00CE4057 /* HomeView.swift */,
			);
			path = Views;
			sourceTree = "<group>";
		};
		2E2EA9382928072C00CE4057 /* Model */ = {
			isa = PBXGroup;
			children = (
				2E2EA935292803CD00CE4057 /* Product.swift */,
				2E2EA939292808BF00CE4057 /* ProductList.swift */,
				2E2EA93D292C05A000CE4057 /* Constants.swift */,
			);
			path = Model;
			sourceTree = "<group>";
		};
/* End PBXGroup section */

/* Begin PBXNativeTarget section */
		2E2EA9072927FECB00CE4057 /* New Wave Store */ = {
			isa = PBXNativeTarget;
			buildConfigurationList = 2E2EA92C2927FECD00CE4057 /* Build configuration list for PBXNativeTarget "New Wave Store" */;
			buildPhases = (
				2E2EA9042927FECB00CE4057 /* Sources */,
				2E2EA9052927FECB00CE4057 /* Frameworks */,
				2E2EA9062927FECB00CE4057 /* Resources */,
			);
			buildRules = (
			);
			dependencies = (
			);
			name = "New Wave Store";
			productName = "New Wave Store";
			productReference = 2E2EA9082927FECB00CE4057 /* New Wave Store.app */;
			productType = "com.apple.product-type.application";
		};
		2E2EA9172927FECD00CE4057 /* New Wave StoreTests */ = {
			isa = PBXNativeTarget;
			buildConfigurationList = 2E2EA92F2927FECD00CE4057 /* Build configuration list for PBXNativeTarget "New Wave StoreTests" */;
			buildPhases = (
				2E2EA9142927FECD00CE4057 /* Sources */,
				2E2EA9152927FECD00CE4057 /* Frameworks */,
				2E2EA9162927FECD00CE4057 /* Resources */,
			);
			buildRules = (
			);
			dependencies = (
				2E2EA91A2927FECD00CE4057 /* PBXTargetDependency */,
			);
			name = "New Wave StoreTests";
			productName = "New Wave StoreTests";
			productReference = 2E2EA9182927FECD00CE4057 /* New Wave StoreTests.xctest */;
			productType = "com.apple.product-type.bundle.unit-test";
		};
		2E2EA9212927FECD00CE4057 /* New Wave StoreUITests */ = {
			isa = PBXNativeTarget;
			buildConfigurationList = 2E2EA9322927FECD00CE4057 /* Build configuration list for PBXNativeTarget "New Wave StoreUITests" */;
			buildPhases = (
				2E2EA91E2927FECD00CE4057 /* Sources */,
				2E2EA91F2927FECD00CE4057 /* Frameworks */,
				2E2EA9202927FECD00CE4057 /* Resources */,
			);
			buildRules = (
			);
			dependencies = (
				2E2EA9242927FECD00CE4057 /* PBXTargetDependency */,
			);
			name = "New Wave StoreUITests";
			productName = "New Wave StoreUITests";
			productReference = 2E2EA9222927FECD00CE4057 /* New Wave StoreUITests.xctest */;
			productType = "com.apple.product-type.bundle.ui-testing";
		};
/* End PBXNativeTarget section */

/* Begin PBXProject section */
		2E2EA9002927FECB00CE4057 /* Project object */ = {
			isa = PBXProject;
			attributes = {
				BuildIndependentTargetsInParallel = 1;
				LastSwiftUpdateCheck = 1340;
				LastUpgradeCheck = 1340;
				TargetAttributes = {
					2E2EA9072927FECB00CE4057 = {
						CreatedOnToolsVersion = 13.4.1;
					};
					2E2EA9172927FECD00CE4057 = {
						CreatedOnToolsVersion = 13.4.1;
						TestTargetID = 2E2EA9072927FECB00CE4057;
					};
					2E2EA9212927FECD00CE4057 = {
						CreatedOnToolsVersion = 13.4.1;
						TestTargetID = 2E2EA9072927FECB00CE4057;
					};
				};
			};
			buildConfigurationList = 2E2EA9032927FECB00CE4057 /* Build configuration list for PBXProject "New Wave Store" */;
			compatibilityVersion = "Xcode 13.0";
			developmentRegion = en;
			hasScannedForEncodings = 0;
			knownRegions = (
				en,
				Base,
			);
			mainGroup = 2E2EA8FF2927FECB00CE4057;
			productRefGroup = 2E2EA9092927FECB00CE4057 /* Products */;
			projectDirPath = "";
			projectRoot = "";
			targets = (
				2E2EA9072927FECB00CE4057 /* New Wave Store */,
				2E2EA9172927FECD00CE4057 /* New Wave StoreTests */,
				2E2EA9212927FECD00CE4057 /* New Wave StoreUITests */,
			);
		};
/* End PBXProject section */

/* Begin PBXResourcesBuildPhase section */
		2E2EA9062927FECB00CE4057 /* Resources */ = {
			isa = PBXResourcesBuildPhase;
			buildActionMask = 2147483647;
			files = (
				2E2EA9132927FECC00CE4057 /* Preview Assets.xcassets in Resources */,
				2E2EA9102927FECC00CE4057 /* Assets.xcassets in Resources */,
			);
			runOnlyForDeploymentPostprocessing = 0;
		};
		2E2EA9162927FECD00CE4057 /* Resources */ = {
			isa = PBXResourcesBuildPhase;
			buildActionMask = 2147483647;
			files = (
			);
			runOnlyForDeploymentPostprocessing = 0;
		};
		2E2EA9202927FECD00CE4057 /* Resources */ = {
			isa = PBXResourcesBuildPhase;
			buildActionMask = 2147483647;
			files = (
			);
			runOnlyForDeploymentPostprocessing = 0;
		};
/* End PBXResourcesBuildPhase section */

/* Begin PBXSourcesBuildPhase section */
		2E2EA9042927FECB00CE4057 /* Sources */ = {
			isa = PBXSourcesBuildPhase;
			buildActionMask = 2147483647;
			files = (
				2E2EA940292C074D00CE4057 /* ProductListView.swift in Sources */,
				2E2EA942292E65DB00CE4057 /* HomeView.swift in Sources */,
				2E2EA93E292C05A000CE4057 /* Constants.swift in Sources */,
				2E2EA90E2927FECB00CE4057 /* ContentView.swift in Sources */,
				2E2EA93A292808BF00CE4057 /* ProductList.swift in Sources */,
				2E2EA90C2927FECB00CE4057 /* New_Wave_StoreApp.swift in Sources */,
				2E2EA936292803CD00CE4057 /* Product.swift in Sources */,
			);
			runOnlyForDeploymentPostprocessing = 0;
		};
		2E2EA9142927FECD00CE4057 /* Sources */ = {
			isa = PBXSourcesBuildPhase;
			buildActionMask = 2147483647;
			files = (
				2E2EA91D2927FECD00CE4057 /* New_Wave_StoreTests.swift in Sources */,
			);
			runOnlyForDeploymentPostprocessing = 0;
		};
		2E2EA91E2927FECD00CE4057 /* Sources */ = {
			isa = PBXSourcesBuildPhase;
			buildActionMask = 2147483647;
			files = (
				2E2EA9292927FECD00CE4057 /* New_Wave_StoreUITestsLaunchTests.swift in Sources */,
				2E2EA9272927FECD00CE4057 /* New_Wave_StoreUITests.swift in Sources */,
			);
			runOnlyForDeploymentPostprocessing = 0;
		};
/* End PBXSourcesBuildPhase section */

/* Begin PBXTargetDependency section */
		2E2EA91A2927FECD00CE4057 /* PBXTargetDependency */ = {
			isa = PBXTargetDependency;
			target = 2E2EA9072927FECB00CE4057 /* New Wave Store */;
			targetProxy = 2E2EA9192927FECD00CE4057 /* PBXContainerItemProxy */;
		};
		2E2EA9242927FECD00CE4057 /* PBXTargetDependency */ = {
			isa = PBXTargetDependency;
			target = 2E2EA9072927FECB00CE4057 /* New Wave Store */;
			targetProxy = 2E2EA9232927FECD00CE4057 /* PBXContainerItemProxy */;
		};
/* End PBXTargetDependency section */

/* Begin XCBuildConfiguration section */
		2E2EA92A2927FECD00CE4057 /* Debug */ = {
			isa = XCBuildConfiguration;
			buildSettings = {
				ALWAYS_SEARCH_USER_PATHS = NO;
				CLANG_ANALYZER_NONNULL = YES;
				CLANG_ANALYZER_NUMBER_OBJECT_CONVERSION = YES_AGGRESSIVE;
				CLANG_CXX_LANGUAGE_STANDARD = "gnu++17";
				CLANG_ENABLE_MODULES = YES;
				CLANG_ENABLE_OBJC_ARC = YES;
				CLANG_ENABLE_OBJC_WEAK = YES;
				CLANG_WARN_BLOCK_CAPTURE_AUTORELEASING = YES;
				CLANG_WARN_BOOL_CONVERSION = YES;
				CLANG_WARN_COMMA = YES;
				CLANG_WARN_CONSTANT_CONVERSION = YES;
				CLANG_WARN_DEPRECATED_OBJC_IMPLEMENTATIONS = YES;
				CLANG_WARN_DIRECT_OBJC_ISA_USAGE = YES_ERROR;
				CLANG_WARN_DOCUMENTATION_COMMENTS = YES;
				CLANG_WARN_EMPTY_BODY = YES;
				CLANG_WARN_ENUM_CONVERSION = YES;
				CLANG_WARN_INFINITE_RECURSION = YES;
				CLANG_WARN_INT_CONVERSION = YES;
				CLANG_WARN_NON_LITERAL_NULL_CONVERSION = YES;
				CLANG_WARN_OBJC_IMPLICIT_RETAIN_SELF = YES;
				CLANG_WARN_OBJC_LITERAL_CONVERSION = YES;
				CLANG_WARN_OBJC_ROOT_CLASS = YES_ERROR;
				CLANG_WARN_QUOTED_INCLUDE_IN_FRAMEWORK_HEADER = YES;
				CLANG_WARN_RANGE_LOOP_ANALYSIS = YES;
				CLANG_WARN_STRICT_PROTOTYPES = YES;
				CLANG_WARN_SUSPICIOUS_MOVE = YES;
				CLANG_WARN_UNGUARDED_AVAILABILITY = YES_AGGRESSIVE;
				CLANG_WARN_UNREACHABLE_CODE = YES;
				CLANG_WARN__DUPLICATE_METHOD_MATCH = YES;
				COPY_PHASE_STRIP = NO;
				DEBUG_INFORMATION_FORMAT = dwarf;
				ENABLE_STRICT_OBJC_MSGSEND = YES;
				ENABLE_TESTABILITY = YES;
				GCC_C_LANGUAGE_STANDARD = gnu11;
				GCC_DYNAMIC_NO_PIC = NO;
				GCC_NO_COMMON_BLOCKS = YES;
				GCC_OPTIMIZATION_LEVEL = 0;
				GCC_PREPROCESSOR_DEFINITIONS = (
					"DEBUG=1",
					"$(inherited)",
				);
				GCC_WARN_64_TO_32_BIT_CONVERSION = YES;
				GCC_WARN_ABOUT_RETURN_TYPE = YES_ERROR;
				GCC_WARN_UNDECLARED_SELECTOR = YES;
				GCC_WARN_UNINITIALIZED_AUTOS = YES_AGGRESSIVE;
				GCC_WARN_UNUSED_FUNCTION = YES;
				GCC_WARN_UNUSED_VARIABLE = YES;
				IPHONEOS_DEPLOYMENT_TARGET = 15.5;
				MTL_ENABLE_DEBUG_INFO = INCLUDE_SOURCE;
				MTL_FAST_MATH = YES;
				ONLY_ACTIVE_ARCH = YES;
				SDKROOT = iphoneos;
				SWIFT_ACTIVE_COMPILATION_CONDITIONS = DEBUG;
				SWIFT_OPTIMIZATION_LEVEL = "-Onone";
			};
			name = Debug;
		};
		2E2EA92B2927FECD00CE4057 /* Release */ = {
			isa = XCBuildConfiguration;
			buildSettings = {
				ALWAYS_SEARCH_USER_PATHS = NO;
				CLANG_ANALYZER_NONNULL = YES;
				CLANG_ANALYZER_NUMBER_OBJECT_CONVERSION = YES_AGGRESSIVE;
				CLANG_CXX_LANGUAGE_STANDARD = "gnu++17";
				CLANG_ENABLE_MODULES = YES;
				CLANG_ENABLE_OBJC_ARC = YES;
				CLANG_ENABLE_OBJC_WEAK = YES;
				CLANG_WARN_BLOCK_CAPTURE_AUTORELEASING = YES;
				CLANG_WARN_BOOL_CONVERSION = YES;
				CLANG_WARN_COMMA = YES;
				CLANG_WARN_CONSTANT_CONVERSION = YES;
				CLANG_WARN_DEPRECATED_OBJC_IMPLEMENTATIONS = YES;
				CLANG_WARN_DIRECT_OBJC_ISA_USAGE = YES_ERROR;
				CLANG_WARN_DOCUMENTATION_COMMENTS = YES;
				CLANG_WARN_EMPTY_BODY = YES;
				CLANG_WARN_ENUM_CONVERSION = YES;
				CLANG_WARN_INFINITE_RECURSION = YES;
				CLANG_WARN_INT_CONVERSION = YES;
				CLANG_WARN_NON_LITERAL_NULL_CONVERSION = YES;
				CLANG_WARN_OBJC_IMPLICIT_RETAIN_SELF = YES;
				CLANG_WARN_OBJC_LITERAL_CONVERSION = YES;
				CLANG_WARN_OBJC_ROOT_CLASS = YES_ERROR;
				CLANG_WARN_QUOTED_INCLUDE_IN_FRAMEWORK_HEADER = YES;
				CLANG_WARN_RANGE_LOOP_ANALYSIS = YES;
				CLANG_WARN_STRICT_PROTOTYPES = YES;
				CLANG_WARN_SUSPICIOUS_MOVE = YES;
				CLANG_WARN_UNGUARDED_AVAILABILITY = YES_AGGRESSIVE;
				CLANG_WARN_UNREACHABLE_CODE = YES;
				CLANG_WARN__DUPLICATE_METHOD_MATCH = YES;
				COPY_PHASE_STRIP = NO;
				DEBUG_INFORMATION_FORMAT = "dwarf-with-dsym";
				ENABLE_NS_ASSERTIONS = NO;
				ENABLE_STRICT_OBJC_MSGSEND = YES;
				GCC_C_LANGUAGE_STANDARD = gnu11;
				GCC_NO_COMMON_BLOCKS = YES;
				GCC_WARN_64_TO_32_BIT_CONVERSION = YES;
				GCC_WARN_ABOUT_RETURN_TYPE = YES_ERROR;
				GCC_WARN_UNDECLARED_SELECTOR = YES;
				GCC_WARN_UNINITIALIZED_AUTOS = YES_AGGRESSIVE;
				GCC_WARN_UNUSED_FUNCTION = YES;
				GCC_WARN_UNUSED_VARIABLE = YES;
				IPHONEOS_DEPLOYMENT_TARGET = 15.5;
				MTL_ENABLE_DEBUG_INFO = NO;
				MTL_FAST_MATH = YES;
				SDKROOT = iphoneos;
				SWIFT_COMPILATION_MODE = wholemodule;
				SWIFT_OPTIMIZATION_LEVEL = "-O";
				VALIDATE_PRODUCT = YES;
			};
			name = Release;
		};
		2E2EA92D2927FECD00CE4057 /* Debug */ = {
			isa = XCBuildConfiguration;
			buildSettings = {
				ASSETCATALOG_COMPILER_APPICON_NAME = AppIcon;
				ASSETCATALOG_COMPILER_GLOBAL_ACCENT_COLOR_NAME = AccentColor;
				CODE_SIGN_STYLE = Automatic;
				CURRENT_PROJECT_VERSION = 1;
				DEVELOPMENT_ASSET_PATHS = "\"New Wave Store/Preview Content\"";
				DEVELOPMENT_TEAM = A96W5ZMJU2;
				ENABLE_PREVIEWS = YES;
				GENERATE_INFOPLIST_FILE = YES;
				INFOPLIST_KEY_UIApplicationSceneManifest_Generation = YES;
				INFOPLIST_KEY_UIApplicationSupportsIndirectInputEvents = YES;
				INFOPLIST_KEY_UILaunchScreen_Generation = YES;
				INFOPLIST_KEY_UISupportedInterfaceOrientations_iPad = "UIInterfaceOrientationPortrait UIInterfaceOrientationPortraitUpsideDown UIInterfaceOrientationLandscapeLeft UIInterfaceOrientationLandscapeRight";
				INFOPLIST_KEY_UISupportedInterfaceOrientations_iPhone = "UIInterfaceOrientationPortrait UIInterfaceOrientationLandscapeLeft UIInterfaceOrientationLandscapeRight";
				LD_RUNPATH_SEARCH_PATHS = (
					"$(inherited)",
					"@executable_path/Frameworks",
				);
				MARKETING_VERSION = 1.0;
				PRODUCT_BUNDLE_IDENTIFIER = "Jawn.New-Wave-Store";
				PRODUCT_NAME = "$(TARGET_NAME)";
				SWIFT_EMIT_LOC_STRINGS = YES;
				SWIFT_VERSION = 5.0;
				TARGETED_DEVICE_FAMILY = "1,2";
			};
			name = Debug;
		};
		2E2EA92E2927FECD00CE4057 /* Release */ = {
			isa = XCBuildConfiguration;
			buildSettings = {
				ASSETCATALOG_COMPILER_APPICON_NAME = AppIcon;
				ASSETCATALOG_COMPILER_GLOBAL_ACCENT_COLOR_NAME = AccentColor;
				CODE_SIGN_STYLE = Automatic;
				CURRENT_PROJECT_VERSION = 1;
				DEVELOPMENT_ASSET_PATHS = "\"New Wave Store/Preview Content\"";
				DEVELOPMENT_TEAM = A96W5ZMJU2;
				ENABLE_PREVIEWS = YES;
				GENERATE_INFOPLIST_FILE = YES;
				INFOPLIST_KEY_UIApplicationSceneManifest_Generation = YES;
				INFOPLIST_KEY_UIApplicationSupportsIndirectInputEvents = YES;
				INFOPLIST_KEY_UILaunchScreen_Generation = YES;
				INFOPLIST_KEY_UISupportedInterfaceOrientations_iPad = "UIInterfaceOrientationPortrait UIInterfaceOrientationPortraitUpsideDown UIInterfaceOrientationLandscapeLeft UIInterfaceOrientationLandscapeRight";
				INFOPLIST_KEY_UISupportedInterfaceOrientations_iPhone = "UIInterfaceOrientationPortrait UIInterfaceOrientationLandscapeLeft UIInterfaceOrientationLandscapeRight";
				LD_RUNPATH_SEARCH_PATHS = (
					"$(inherited)",
					"@executable_path/Frameworks",
				);
				MARKETING_VERSION = 1.0;
				PRODUCT_BUNDLE_IDENTIFIER = "Jawn.New-Wave-Store";
				PRODUCT_NAME = "$(TARGET_NAME)";
				SWIFT_EMIT_LOC_STRINGS = YES;
				SWIFT_VERSION = 5.0;
				TARGETED_DEVICE_FAMILY = "1,2";
			};
			name = Release;
		};
		2E2EA9302927FECD00CE4057 /* Debug */ = {
			isa = XCBuildConfiguration;
			buildSettings = {
				ALWAYS_EMBED_SWIFT_STANDARD_LIBRARIES = YES;
				BUNDLE_LOADER = "$(TEST_HOST)";
				CODE_SIGN_STYLE = Automatic;
				CURRENT_PROJECT_VERSION = 1;
				DEVELOPMENT_TEAM = A96W5ZMJU2;
				GENERATE_INFOPLIST_FILE = YES;
				IPHONEOS_DEPLOYMENT_TARGET = 15.5;
				MARKETING_VERSION = 1.0;
				PRODUCT_BUNDLE_IDENTIFIER = "Jawn.New-Wave-StoreTests";
				PRODUCT_NAME = "$(TARGET_NAME)";
				SWIFT_EMIT_LOC_STRINGS = NO;
				SWIFT_VERSION = 5.0;
				TARGETED_DEVICE_FAMILY = "1,2";
				TEST_HOST = "$(BUILT_PRODUCTS_DIR)/New Wave Store.app/New Wave Store";
			};
			name = Debug;
		};
		2E2EA9312927FECD00CE4057 /* Release */ = {
			isa = XCBuildConfiguration;
			buildSettings = {
				ALWAYS_EMBED_SWIFT_STANDARD_LIBRARIES = YES;
				BUNDLE_LOADER = "$(TEST_HOST)";
				CODE_SIGN_STYLE = Automatic;
				CURRENT_PROJECT_VERSION = 1;
				DEVELOPMENT_TEAM = A96W5ZMJU2;
				GENERATE_INFOPLIST_FILE = YES;
				IPHONEOS_DEPLOYMENT_TARGET = 15.5;
				MARKETING_VERSION = 1.0;
				PRODUCT_BUNDLE_IDENTIFIER = "Jawn.New-Wave-StoreTests";
				PRODUCT_NAME = "$(TARGET_NAME)";
				SWIFT_EMIT_LOC_STRINGS = NO;
				SWIFT_VERSION = 5.0;
				TARGETED_DEVICE_FAMILY = "1,2";
				TEST_HOST = "$(BUILT_PRODUCTS_DIR)/New Wave Store.app/New Wave Store";
			};
			name = Release;
		};
		2E2EA9332927FECD00CE4057 /* Debug */ = {
			isa = XCBuildConfiguration;
			buildSettings = {
				ALWAYS_EMBED_SWIFT_STANDARD_LIBRARIES = YES;
				CODE_SIGN_STYLE = Automatic;
				CURRENT_PROJECT_VERSION = 1;
				DEVELOPMENT_TEAM = A96W5ZMJU2;
				GENERATE_INFOPLIST_FILE = YES;
				MARKETING_VERSION = 1.0;
				PRODUCT_BUNDLE_IDENTIFIER = "Jawn.New-Wave-StoreUITests";
				PRODUCT_NAME = "$(TARGET_NAME)";
				SWIFT_EMIT_LOC_STRINGS = NO;
				SWIFT_VERSION = 5.0;
				TARGETED_DEVICE_FAMILY = "1,2";
				TEST_TARGET_NAME = "New Wave Store";
			};
			name = Debug;
		};
		2E2EA9342927FECD00CE4057 /* Release */ = {
			isa = XCBuildConfiguration;
			buildSettings = {
				ALWAYS_EMBED_SWIFT_STANDARD_LIBRARIES = YES;
				CODE_SIGN_STYLE = Automatic;
				CURRENT_PROJECT_VERSION = 1;
				DEVELOPMENT_TEAM = A96W5ZMJU2;
				GENERATE_INFOPLIST_FILE = YES;
				MARKETING_VERSION = 1.0;
				PRODUCT_BUNDLE_IDENTIFIER = "Jawn.New-Wave-StoreUITests";
				PRODUCT_NAME = "$(TARGET_NAME)";
				SWIFT_EMIT_LOC_STRINGS = NO;
				SWIFT_VERSION = 5.0;
				TARGETED_DEVICE_FAMILY = "1,2";
				TEST_TARGET_NAME = "New Wave Store";
			};
			name = Release;
		};
/* End XCBuildConfiguration section */

/* Begin XCConfigurationList section */
		2E2EA9032927FECB00CE4057 /* Build configuration list for PBXProject "New Wave Store" */ = {
			isa = XCConfigurationList;
			buildConfigurations = (
				2E2EA92A2927FECD00CE4057 /* Debug */,
				2E2EA92B2927FECD00CE4057 /* Release */,
			);
			defaultConfigurationIsVisible = 0;
			defaultConfigurationName = Release;
		};
		2E2EA92C2927FECD00CE4057 /* Build configuration list for PBXNativeTarget "New Wave Store" */ = {
			isa = XCConfigurationList;
			buildConfigurations = (
				2E2EA92D2927FECD00CE4057 /* Debug */,
				2E2EA92E2927FECD00CE4057 /* Release */,
			);
			defaultConfigurationIsVisible = 0;
			defaultConfigurationName = Release;
		};
		2E2EA92F2927FECD00CE4057 /* Build configuration list for PBXNativeTarget "New Wave StoreTests" */ = {
			isa = XCConfigurationList;
			buildConfigurations = (
				2E2EA9302927FECD00CE4057 /* Debug */,
				2E2EA9312927FECD00CE4057 /* Release */,
			);
			defaultConfigurationIsVisible = 0;
			defaultConfigurationName = Release;
		};
		2E2EA9322927FECD00CE4057 /* Build configuration list for PBXNativeTarget "New Wave StoreUITests" */ = {
			isa = XCConfigurationList;
			buildConfigurations = (
				2E2EA9332927FECD00CE4057 /* Debug */,
				2E2EA9342927FECD00CE4057 /* Release */,
			);
			defaultConfigurationIsVisible = 0;
			defaultConfigurationName = Release;
		};
/* End XCConfigurationList section */
	};
	rootObject = 2E2EA9002927FECB00CE4057 /* Project object */;
}
